
Microsoft Visual Studio Solution File, Format Version 12.00
# Visual Studio 15
VisualStudioVersion = 15.0.27703.2018
MinimumVisualStudioVersion = 10.0.40219.1
Project("{9A19103F-16F7-4668-BE54-9A1E7A4F7556}") = "BAMCIS.Disassembler.Core", "BAMCIS.Disassembler.Core\BAMCIS.Disassembler.Core.csproj", "{BF29865E-83DB-4403-AE16-1F701C8F9F78}"
EndProject
Project("{9A19103F-16F7-4668-BE54-9A1E7A4F7556}") = "BAMCIS.Disassembler.Tests", "BAMCIS.Disassembler.Tests\BAMCIS.Disassembler.Tests.csproj", "{F8596DAC-131E-4FA8-B1B5-04F796F1CB19}"
EndProject
Project("{FAE04EC0-301F-11D3-BF4B-00C04F79EFBC}") = "BAMCIS.Disassembler", "BAMCIS.Disassembler\BAMCIS.Disassembler.csproj", "{8FC9178D-D111-4E1F-ADFA-FED3E4754718}"
EndProject
Global
	GlobalSection(SolutionConfigurationPlatforms) = preSolution
		Debug|Any CPU = Debug|Any CPU
		Release|Any CPU = Release|Any CPU
	EndGlobalSection
	GlobalSection(ProjectConfigurationPlatforms) = postSolution
		{BF29865E-83DB-4403-AE16-1F701C8F9F78}.Debug|Any CPU.ActiveCfg = Debug|Any CPU
		{BF29865E-83DB-4403-AE16-1F701C8F9F78}.Debug|Any CPU.Build.0 = Debug|Any CPU
		{BF29865E-83DB-4403-AE16-1F701C8F9F78}.Release|Any CPU.ActiveCfg = Release|Any CPU
		{BF29865E-83DB-4403-AE16-1F701C8F9F78}.Release|Any CPU.Build.0 = Release|Any CPU
		{F8596DAC-131E-4FA8-B1B5-04F796F1CB19}.Debug|Any CPU.ActiveCfg = Debug|Any CPU
		{F8596DAC-131E-4FA8-B1B5-04F796F1CB19}.Debug|Any CPU.Build.0 = Debug|Any CPU
		{F8596DAC-131E-4FA8-B1B5-04F796F1CB19}.Release|Any CPU.ActiveCfg = Release|Any CPU
		{F8596DAC-131E-4FA8-B1B5-04F796F1CB19}.Release|Any CPU.Build.0 = Release|Any CPU
		{8FC9178D-D111-4E1F-ADFA-FED3E4754718}.Debug|Any CPU.ActiveCfg = Debug|Any CPU
		{8FC9178D-D111-4E1F-ADFA-FED3E4754718}.Debug|Any CPU.Build.0 = Debug|Any CPU
		{8FC9178D-D111-4E1F-ADFA-FED3E4754718}.Release|Any CPU.ActiveCfg = Release|Any CPU
		{8FC9178D-D111-4E1F-ADFA-FED3E4754718}.Release|Any CPU.Build.0 = Release|Any CPU
	EndGlobalSection
	GlobalSection(SolutionProperties) = preSolution
		HideSolutionNode = FALSE
	EndGlobalSection
	GlobalSection(ExtensibilityGlobals) = postSolution
		SolutionGuid = {D1077637-D8E2-4F7F-AA24-A04E1F518309}
	EndGlobalSection
EndGlobal
